# This file is automatically @generated by Cargo.
# It is not intended for manual editing.
version = 3

[[package]]
name = "adder"
version = "0.1.0"

[[package]]
name = "calculate"
version = "0.1.0"
dependencies = [
 "adder",
 "divider",
 "multiplier",
 "subtractor",
]

[[package]]
name = "divider"
version = "0.1.0"

[[package]]
name = "multiplier"
version = "0.1.0"
dependencies = [
 "adder",
]

[[package]]
name = "subtractor"
version = "0.1.0"
